// !$*UTF8*$!
{
	archiveVersion = 1;
	classes = {
	};
	objectVersion = 51;
	objects = {

/* Begin PBXBuildFile section */
		2E52047526E6419300F283DE /* AppDelegate.swift in Sources */ = {isa = PBXBuildFile; fileRef = 2E52047426E6419300F283DE /* AppDelegate.swift */; };
		2E52047726E6419300F283DE /* SceneDelegate.swift in Sources */ = {isa = PBXBuildFile; fileRef = 2E52047626E6419300F283DE /* SceneDelegate.swift */; };
		2E52047926E6419300F283DE /* HomeViewController.swift in Sources */ = {isa = PBXBuildFile; fileRef = 2E52047826E6419300F283DE /* HomeViewController.swift */; };
		2E52047C26E6419300F283DE /* Main.storyboard in Resources */ = {isa = PBXBuildFile; fileRef = 2E52047A26E6419300F283DE /* Main.storyboard */; };
		2E52047E26E6419400F283DE /* Assets.xcassets in Resources */ = {isa = PBXBuildFile; fileRef = 2E52047D26E6419400F283DE /* Assets.xcassets */; };
		2E52048126E6419400F283DE /* LaunchScreen.storyboard in Resources */ = {isa = PBXBuildFile; fileRef = 2E52047F26E6419400F283DE /* LaunchScreen.storyboard */; };
		2E52048C26E7442700F283DE /* RegisterViewController.swift in Sources */ = {isa = PBXBuildFile; fileRef = 2E52048B26E7442700F283DE /* RegisterViewController.swift */; };
		2E52048E26E7452600F283DE /* LoginViewController.swift in Sources */ = {isa = PBXBuildFile; fileRef = 2E52048D26E7452600F283DE /* LoginViewController.swift */; };
		2E52049026E7652C00F283DE /* iOSDropDown.framework in Frameworks */ = {isa = PBXBuildFile; fileRef = 2E52048F26E7652C00F283DE /* iOSDropDown.framework */; };
		2E52049426E8A59900F283DE /* AdminStoryboard.storyboard in Resources */ = {isa = PBXBuildFile; fileRef = 2E52049326E8A59900F283DE /* AdminStoryboard.storyboard */; };
		2E52049626E8BCD900F283DE /* FeedViewController.swift in Sources */ = {isa = PBXBuildFile; fileRef = 2E52049526E8BCD900F283DE /* FeedViewController.swift */; };
		2E52049826E8C1C500F283DE /* FavouritesViewController.swift in Sources */ = {isa = PBXBuildFile; fileRef = 2E52049726E8C1C400F283DE /* FavouritesViewController.swift */; };
		2E52049A26E8E51900F283DE /* MyAdsViewController.swift in Sources */ = {isa = PBXBuildFile; fileRef = 2E52049926E8E51900F283DE /* MyAdsViewController.swift */; };
		2E52049C26E8E5C900F283DE /* PostAdViewController.swift in Sources */ = {isa = PBXBuildFile; fileRef = 2E52049B26E8E5C900F283DE /* PostAdViewController.swift */; };
		2E52049E26E8E5F700F283DE /* ProfileViewController.swift in Sources */ = {isa = PBXBuildFile; fileRef = 2E52049D26E8E5F700F283DE /* ProfileViewController.swift */; };
		2E5204A026E9E5FA00F283DE /* AddNewsViewController.swift in Sources */ = {isa = PBXBuildFile; fileRef = 2E52049F26E9E5FA00F283DE /* AddNewsViewController.swift */; };
		2E5204A226E9EE5E00F283DE /* EditProfileViewController.swift in Sources */ = {isa = PBXBuildFile; fileRef = 2E5204A126E9EE5E00F283DE /* EditProfileViewController.swift */; };
		2E52050426EB686900F283DE /* Listing.xcdatamodeld in Sources */ = {isa = PBXBuildFile; fileRef = 2E52050226EB686900F283DE /* Listing.xcdatamodeld */; };
		D6A7E9E0CA57FB6826FC39B0 /* Pods_Listing.framework in Frameworks */ = {isa = PBXBuildFile; fileRef = 1C847DE85407C43B37A377C7 /* Pods_Listing.framework */; };
/* End PBXBuildFile section */

/* Begin PBXFileReference section */
		1123CEAAD5B5C07EFF6971CC /* Pods-Listing.release.xcconfig */ = {isa = PBXFileReference; includeInIndex = 1; lastKnownFileType = text.xcconfig; name = "Pods-Listing.release.xcconfig"; path = "Target Support Files/Pods-Listing/Pods-Listing.release.xcconfig"; sourceTree = "<group>"; };
		1C847DE85407C43B37A377C7 /* Pods_Listing.framework */ = {isa = PBXFileReference; explicitFileType = wrapper.framework; includeInIndex = 0; path = Pods_Listing.framework; sourceTree = BUILT_PRODUCTS_DIR; };
		2E52047126E6419300F283DE /* Listing.app */ = {isa = PBXFileReference; explicitFileType = wrapper.application; includeInIndex = 0; path = Listing.app; sourceTree = BUILT_PRODUCTS_DIR; };
		2E52047426E6419300F283DE /* AppDelegate.swift */ = {isa = PBXFileReference; lastKnownFileType = sourcecode.swift; path = AppDelegate.swift; sourceTree = "<group>"; };
		2E52047626E6419300F283DE /* SceneDelegate.swift */ = {isa = PBXFileReference; lastKnownFileType = sourcecode.swift; path = SceneDelegate.swift; sourceTree = "<group>"; };
		2E52047826E6419300F283DE /* HomeViewController.swift */ = {isa = PBXFileReference; lastKnownFileType = sourcecode.swift; path = HomeViewController.swift; sourceTree = "<group>"; };
		2E52047B26E6419300F283DE /* Base */ = {isa = PBXFileReference; lastKnownFileType = file.storyboard; name = Base; path = Base.lproj/Main.storyboard; sourceTree = "<group>"; };
		2E52047D26E6419400F283DE /* Assets.xcassets */ = {isa = PBXFileReference; lastKnownFileType = folder.assetcatalog; path = Assets.xcassets; sourceTree = "<group>"; };
		2E52048026E6419400F283DE /* Base */ = {isa = PBXFileReference; lastKnownFileType = file.storyboard; name = Base; path = Base.lproj/LaunchScreen.storyboard; sourceTree = "<group>"; };
		2E52048226E6419400F283DE /* Info.plist */ = {isa = PBXFileReference; lastKnownFileType = text.plist.xml; path = Info.plist; sourceTree = "<group>"; };
		2E52048B26E7442700F283DE /* RegisterViewController.swift */ = {isa = PBXFileReference; lastKnownFileType = sourcecode.swift; path = RegisterViewController.swift; sourceTree = "<group>"; };
		2E52048D26E7452600F283DE /* LoginViewController.swift */ = {isa = PBXFileReference; lastKnownFileType = sourcecode.swift; path = LoginViewController.swift; sourceTree = "<group>"; };
		2E52048F26E7652C00F283DE /* iOSDropDown.framework */ = {isa = PBXFileReference; explicitFileType = wrapper.framework; path = iOSDropDown.framework; sourceTree = BUILT_PRODUCTS_DIR; };
		2E52049326E8A59900F283DE /* AdminStoryboard.storyboard */ = {isa = PBXFileReference; lastKnownFileType = file.storyboard; path = AdminStoryboard.storyboard; sourceTree = "<group>"; };
		2E52049526E8BCD900F283DE /* FeedViewController.swift */ = {isa = PBXFileReference; lastKnownFileType = sourcecode.swift; path = FeedViewController.swift; sourceTree = "<group>"; };
		2E52049726E8C1C400F283DE /* FavouritesViewController.swift */ = {isa = PBXFileReference; lastKnownFileType = sourcecode.swift; path = FavouritesViewController.swift; sourceTree = "<group>"; };
		2E52049926E8E51900F283DE /* MyAdsViewController.swift */ = {isa = PBXFileReference; lastKnownFileType = sourcecode.swift; path = MyAdsViewController.swift; sourceTree = "<group>"; };
		2E52049B26E8E5C900F283DE /* PostAdViewController.swift */ = {isa = PBXFileReference; lastKnownFileType = sourcecode.swift; path = PostAdViewController.swift; sourceTree = "<group>"; };
		2E52049D26E8E5F700F283DE /* ProfileViewController.swift */ = {isa = PBXFileReference; lastKnownFileType = sourcecode.swift; path = ProfileViewController.swift; sourceTree = "<group>"; };
		2E52049F26E9E5FA00F283DE /* AddNewsViewController.swift */ = {isa = PBXFileReference; lastKnownFileType = sourcecode.swift; path = AddNewsViewController.swift; sourceTree = "<group>"; };
		2E5204A126E9EE5E00F283DE /* EditProfileViewController.swift */ = {isa = PBXFileReference; lastKnownFileType = sourcecode.swift; path = EditProfileViewController.swift; sourceTree = "<group>"; };
		2E52050326EB686900F283DE /* Listing.xcdatamodel */ = {isa = PBXFileReference; lastKnownFileType = wrapper.xcdatamodel; path = Listing.xcdatamodel; sourceTree = "<group>"; };
		EF146C4F304FF2339E7CF6E7 /* Pods-Listing.debug.xcconfig */ = {isa = PBXFileReference; includeInIndex = 1; lastKnownFileType = text.xcconfig; name = "Pods-Listing.debug.xcconfig"; path = "Target Support Files/Pods-Listing/Pods-Listing.debug.xcconfig"; sourceTree = "<group>"; };
/* End PBXFileReference section */

/* Begin PBXFrameworksBuildPhase section */
		2E52046E26E6419300F283DE /* Frameworks */ = {
			isa = PBXFrameworksBuildPhase;
			buildActionMask = 2147483647;
			files = (
				2E52049026E7652C00F283DE /* iOSDropDown.framework in Frameworks */,
				D6A7E9E0CA57FB6826FC39B0 /* Pods_Listing.framework in Frameworks */,
			);
			runOnlyForDeploymentPostprocessing = 0;
		};
/* End PBXFrameworksBuildPhase section */

/* Begin PBXGroup section */
		2E52046826E6419300F283DE = {
			isa = PBXGroup;
			children = (
				2E52047326E6419300F283DE /* Listing */,
				2E52047226E6419300F283DE /* Products */,
				381705464D9C7E4BB0FD520B /* Pods */,
				EB6B517E9412F95D9F425204 /* Frameworks */,
			);
			sourceTree = "<group>";
		};
		2E52047226E6419300F283DE /* Products */ = {
			isa = PBXGroup;
			children = (
				2E52047126E6419300F283DE /* Listing.app */,
			);
			name = Products;
			sourceTree = "<group>";
		};
		2E52047326E6419300F283DE /* Listing */ = {
			isa = PBXGroup;
			children = (
				2E52048A26E743F500F283DE /* Model */,
				2E52048926E743EF00F283DE /* View */,
				2E52048826E743E500F283DE /* Controller */,
				2E52047426E6419300F283DE /* AppDelegate.swift */,
				2E52047626E6419300F283DE /* SceneDelegate.swift */,
				2E52047D26E6419400F283DE /* Assets.xcassets */,
				2E52047F26E6419400F283DE /* LaunchScreen.storyboard */,
				2E52048226E6419400F283DE /* Info.plist */,
				2E52050226EB686900F283DE /* Listing.xcdatamodeld */,
			);
			path = Listing;
			sourceTree = "<group>";
		};
		2E52048826E743E500F283DE /* Controller */ = {
			isa = PBXGroup;
			children = (
				2E52047826E6419300F283DE /* HomeViewController.swift */,
				2E52048B26E7442700F283DE /* RegisterViewController.swift */,
				2E52048D26E7452600F283DE /* LoginViewController.swift */,
				2E52049526E8BCD900F283DE /* FeedViewController.swift */,
				2E52049726E8C1C400F283DE /* FavouritesViewController.swift */,
				2E52049926E8E51900F283DE /* MyAdsViewController.swift */,
				2E52049B26E8E5C900F283DE /* PostAdViewController.swift */,
				2E52049D26E8E5F700F283DE /* ProfileViewController.swift */,
				2E52049F26E9E5FA00F283DE /* AddNewsViewController.swift */,
				2E5204A126E9EE5E00F283DE /* EditProfileViewController.swift */,
			);
			path = Controller;
			sourceTree = "<group>";
		};
		2E52048926E743EF00F283DE /* View */ = {
			isa = PBXGroup;
			children = (
				2E52047A26E6419300F283DE /* Main.storyboard */,
				2E52049326E8A59900F283DE /* AdminStoryboard.storyboard */,
			);
			path = View;
			sourceTree = "<group>";
		};
		2E52048A26E743F500F283DE /* Model */ = {
			isa = PBXGroup;
			children = (
			);
			path = Model;
			sourceTree = "<group>";
		};
		381705464D9C7E4BB0FD520B /* Pods */ = {
			isa = PBXGroup;
			children = (
				EF146C4F304FF2339E7CF6E7 /* Pods-Listing.debug.xcconfig */,
				1123CEAAD5B5C07EFF6971CC /* Pods-Listing.release.xcconfig */,
			);
			path = Pods;
			sourceTree = "<group>";
		};
		EB6B517E9412F95D9F425204 /* Frameworks */ = {
			isa = PBXGroup;
			children = (
				2E52048F26E7652C00F283DE /* iOSDropDown.framework */,
				1C847DE85407C43B37A377C7 /* Pods_Listing.framework */,
			);
			name = Frameworks;
			sourceTree = "<group>";
		};
/* End PBXGroup section */

/* Begin PBXNativeTarget section */
		2E52047026E6419300F283DE /* Listing */ = {
			isa = PBXNativeTarget;
			buildConfigurationList = 2E52048526E6419400F283DE /* Build configuration list for PBXNativeTarget "Listing" */;
			buildPhases = (
				F4040285730C83CD8C9663F5 /* [CP] Check Pods Manifest.lock */,
				2E52046D26E6419300F283DE /* Sources */,
				2E52046E26E6419300F283DE /* Frameworks */,
				2E52046F26E6419300F283DE /* Resources */,
				88BA5CF0B794DB22E175D9DE /* [CP] Embed Pods Frameworks */,
			);
			buildRules = (
			);
			dependencies = (
			);
			name = Listing;
			productName = Listing;
			productReference = 2E52047126E6419300F283DE /* Listing.app */;
			productType = "com.apple.product-type.application";
		};
/* End PBXNativeTarget section */

/* Begin PBXProject section */
		2E52046926E6419300F283DE /* Project object */ = {
			isa = PBXProject;
			attributes = {
				LastSwiftUpdateCheck = 1250;
				LastUpgradeCheck = 1250;
				TargetAttributes = {
					2E52047026E6419300F283DE = {
						CreatedOnToolsVersion = 12.5.1;
					};
				};
			};
			buildConfigurationList = 2E52046C26E6419300F283DE /* Build configuration list for PBXProject "Listing" */;
			compatibilityVersion = "Xcode 9.3";
			developmentRegion = en;
			hasScannedForEncodings = 0;
			knownRegions = (
				en,
				Base,
			);
			mainGroup = 2E52046826E6419300F283DE;
			productRefGroup = 2E52047226E6419300F283DE /* Products */;
			projectDirPath = "";
			projectRoot = "";
			targets = (
				2E52047026E6419300F283DE /* Listing */,
			);
		};
/* End PBXProject section */

/* Begin PBXResourcesBuildPhase section */
		2E52046F26E6419300F283DE /* Resources */ = {
			isa = PBXResourcesBuildPhase;
			buildActionMask = 2147483647;
			files = (
				2E52048126E6419400F283DE /* LaunchScreen.storyboard in Resources */,
				2E52047E26E6419400F283DE /* Assets.xcassets in Resources */,
				2E52047C26E6419300F283DE /* Main.storyboard in Resources */,
				2E52049426E8A59900F283DE /* AdminStoryboard.storyboard in Resources */,
			);
			runOnlyForDeploymentPostprocessing = 0;
		};
/* End PBXResourcesBuildPhase section */

/* Begin PBXShellScriptBuildPhase section */
		88BA5CF0B794DB22E175D9DE /* [CP] Embed Pods Frameworks */ = {
			isa = PBXShellScriptBuildPhase;
			buildActionMask = 2147483647;
			files = (
			);
			inputFileListPaths = (
				"${PODS_ROOT}/Target Support Files/Pods-Listing/Pods-Listing-frameworks-${CONFIGURATION}-input-files.xcfilelist",
			);
			name = "[CP] Embed Pods Frameworks";
			outputFileListPaths = (
				"${PODS_ROOT}/Target Support Files/Pods-Listing/Pods-Listing-frameworks-${CONFIGURATION}-output-files.xcfilelist",
			);
			runOnlyForDeploymentPostprocessing = 0;
			shellPath = /bin/sh;
			shellScript = "\"${PODS_ROOT}/Target Support Files/Pods-Listing/Pods-Listing-frameworks.sh\"\n";
			showEnvVarsInLog = 0;
		};
		F4040285730C83CD8C9663F5 /* [CP] Check Pods Manifest.lock */ = {
			isa = PBXShellScriptBuildPhase;
			buildActionMask = 2147483647;
			files = (
			);
			inputFileListPaths = (
			);
			inputPaths = (
				"${PODS_PODFILE_DIR_PATH}/Podfile.lock",
				"${PODS_ROOT}/Manifest.lock",
			);
			name = "[CP] Check Pods Manifest.lock";
			outputFileListPaths = (
			);
			outputPaths = (
				"$(DERIVED_FILE_DIR)/Pods-Listing-checkManifestLockResult.txt",
			);
			runOnlyForDeploymentPostprocessing = 0;
			shellPath = /bin/sh;
			shellScript = "diff \"${PODS_PODFILE_DIR_PATH}/Podfile.lock\" \"${PODS_ROOT}/Manifest.lock\" > /dev/null\nif [ $? != 0 ] ; then\n    # print error to STDERR\n    echo \"error: The sandbox is not in sync with the Podfile.lock. Run 'pod install' or update your CocoaPods installation.\" >&2\n    exit 1\nfi\n# This output is used by Xcode 'outputs' to avoid re-running this script phase.\necho \"SUCCESS\" > \"${SCRIPT_OUTPUT_FILE_0}\"\n";
			showEnvVarsInLog = 0;
		};
/* End PBXShellScriptBuildPhase section */

/* Begin PBXSourcesBuildPhase section */
		2E52046D26E6419300F283DE /* Sources */ = {
			isa = PBXSourcesBuildPhase;
			buildActionMask = 2147483647;
			files = (
				2E52049826E8C1C500F283DE /* FavouritesViewController.swift in Sources */,
				2E52050426EB686900F283DE /* Listing.xcdatamodeld in Sources */,
				2E52049A26E8E51900F283DE /* MyAdsViewController.swift in Sources */,
				2E52049E26E8E5F700F283DE /* ProfileViewController.swift in Sources */,
				2E52047926E6419300F283DE /* HomeViewController.swift in Sources */,
				2E52047526E6419300F283DE /* AppDelegate.swift in Sources */,
				2E52049C26E8E5C900F283DE /* PostAdViewController.swift in Sources */,
				2E5204A026E9E5FA00F283DE /* AddNewsViewController.swift in Sources */,
				2E52047726E6419300F283DE /* SceneDelegate.swift in Sources */,
				2E5204A226E9EE5E00F283DE /* EditProfileViewController.swift in Sources */,
				2E52048E26E7452600F283DE /* LoginViewController.swift in Sources */,
				2E52048C26E7442700F283DE /* RegisterViewController.swift in Sources */,
				2E52049626E8BCD900F283DE /* FeedViewController.swift in Sources */,
			);
			runOnlyForDeploymentPostprocessing = 0;
		};
/* End PBXSourcesBuildPhase section */

/* Begin PBXVariantGroup section */
		2E52047A26E6419300F283DE /* Main.storyboard */ = {
			isa = PBXVariantGroup;
			children = (
				2E52047B26E6419300F283DE /* Base */,
			);
			name = Main.storyboard;
			sourceTree = "<group>";
		};
		2E52047F26E6419400F283DE /* LaunchScreen.storyboard */ = {
			isa = PBXVariantGroup;
			children = (
				2E52048026E6419400F283DE /* Base */,
			);
			name = LaunchScreen.storyboard;
			sourceTree = "<group>";
		};
/* End PBXVariantGroup section */

/* Begin XCBuildConfiguration section */
		2E52048326E6419400F283DE /* Debug */ = {
			isa = XCBuildConfiguration;
			buildSettings = {
				ALWAYS_SEARCH_USER_PATHS = NO;
				CLANG_ANALYZER_NONNULL = YES;
				CLANG_ANALYZER_NUMBER_OBJECT_CONVERSION = YES_AGGRESSIVE;
				CLANG_CXX_LANGUAGE_STANDARD = "gnu++14";
				CLANG_CXX_LIBRARY = "libc++";
				CLANG_ENABLE_MODULES = YES;
				CLANG_ENABLE_OBJC_ARC = YES;
				CLANG_ENABLE_OBJC_WEAK = YES;
				CLANG_WARN_BLOCK_CAPTURE_AUTORELEASING = YES;
				CLANG_WARN_BOOL_CONVERSION = YES;
				CLANG_WARN_COMMA = YES;
				CLANG_WARN_CONSTANT_CONVERSION = YES;
				CLANG_WARN_DEPRECATED_OBJC_IMPLEMENTATIONS = YES;
				CLANG_WARN_DIRECT_OBJC_ISA_USAGE = YES_ERROR;
				CLANG_WARN_DOCUMENTATION_COMMENTS = YES;
				CLANG_WARN_EMPTY_BODY = YES;
				CLANG_WARN_ENUM_CONVERSION = YES;
				CLANG_WARN_INFINITE_RECURSION = YES;
				CLANG_WARN_INT_CONVERSION = YES;
				CLANG_WARN_NON_LITERAL_NULL_CONVERSION = YES;
				CLANG_WARN_OBJC_IMPLICIT_RETAIN_SELF = YES;
				CLANG_WARN_OBJC_LITERAL_CONVERSION = YES;
				CLANG_WARN_OBJC_ROOT_CLASS = YES_ERROR;
				CLANG_WARN_QUOTED_INCLUDE_IN_FRAMEWORK_HEADER = YES;
				CLANG_WARN_RANGE_LOOP_ANALYSIS = YES;
				CLANG_WARN_STRICT_PROTOTYPES = YES;
				CLANG_WARN_SUSPICIOUS_MOVE = YES;
				CLANG_WARN_UNGUARDED_AVAILABILITY = YES_AGGRESSIVE;
				CLANG_WARN_UNREACHABLE_CODE = YES;
				CLANG_WARN__DUPLICATE_METHOD_MATCH = YES;
				COPY_PHASE_STRIP = NO;
				DEBUG_INFORMATION_FORMAT = dwarf;
				ENABLE_STRICT_OBJC_MSGSEND = YES;
				ENABLE_TESTABILITY = YES;
				GCC_C_LANGUAGE_STANDARD = gnu11;
				GCC_DYNAMIC_NO_PIC = NO;
				GCC_NO_COMMON_BLOCKS = YES;
				GCC_OPTIMIZATION_LEVEL = 0;
				GCC_PREPROCESSOR_DEFINITIONS = (
					"DEBUG=1",
					"$(inherited)",
				);
				GCC_WARN_64_TO_32_BIT_CONVERSION = YES;
				GCC_WARN_ABOUT_RETURN_TYPE = YES_ERROR;
				GCC_WARN_UNDECLARED_SELECTOR = YES;
				GCC_WARN_UNINITIALIZED_AUTOS = YES_AGGRESSIVE;
				GCC_WARN_UNUSED_FUNCTION = YES;
				GCC_WARN_UNUSED_VARIABLE = YES;
				IPHONEOS_DEPLOYMENT_TARGET = 14.5;
				MTL_ENABLE_DEBUG_INFO = INCLUDE_SOURCE;
				MTL_FAST_MATH = YES;
				ONLY_ACTIVE_ARCH = YES;
				SDKROOT = iphoneos;
				SWIFT_ACTIVE_COMPILATION_CONDITIONS = DEBUG;
				SWIFT_OPTIMIZATION_LEVEL = "-Onone";
			};
			name = Debug;
		};
		2E52048426E6419400F283DE /* Release */ = {
			isa = XCBuildConfiguration;
			buildSettings = {
				ALWAYS_SEARCH_USER_PATHS = NO;
				CLANG_ANALYZER_NONNULL = YES;
				CLANG_ANALYZER_NUMBER_OBJECT_CONVERSION = YES_AGGRESSIVE;
				CLANG_CXX_LANGUAGE_STANDARD = "gnu++14";
				CLANG_CXX_LIBRARY = "libc++";
				CLANG_ENABLE_MODULES = YES;
				CLANG_ENABLE_OBJC_ARC = YES;
				CLANG_ENABLE_OBJC_WEAK = YES;
				CLANG_WARN_BLOCK_CAPTURE_AUTORELEASING = YES;
				CLANG_WARN_BOOL_CONVERSION = YES;
				CLANG_WARN_COMMA = YES;
				CLANG_WARN_CONSTANT_CONVERSION = YES;
				CLANG_WARN_DEPRECATED_OBJC_IMPLEMENTATIONS = YES;
				CLANG_WARN_DIRECT_OBJC_ISA_USAGE = YES_ERROR;
				CLANG_WARN_DOCUMENTATION_COMMENTS = YES;
				CLANG_WARN_EMPTY_BODY = YES;
				CLANG_WARN_ENUM_CONVERSION = YES;
				CLANG_WARN_INFINITE_RECURSION = YES;
				CLANG_WARN_INT_CONVERSION = YES;
				CLANG_WARN_NON_LITERAL_NULL_CONVERSION = YES;
				CLANG_WARN_OBJC_IMPLICIT_RETAIN_SELF = YES;
				CLANG_WARN_OBJC_LITERAL_CONVERSION = YES;
				CLANG_WARN_OBJC_ROOT_CLASS = YES_ERROR;
				CLANG_WARN_QUOTED_INCLUDE_IN_FRAMEWORK_HEADER = YES;
				CLANG_WARN_RANGE_LOOP_ANALYSIS = YES;
				CLANG_WARN_STRICT_PROTOTYPES = YES;
				CLANG_WARN_SUSPICIOUS_MOVE = YES;
				CLANG_WARN_UNGUARDED_AVAILABILITY = YES_AGGRESSIVE;
				CLANG_WARN_UNREACHABLE_CODE = YES;
				CLANG_WARN__DUPLICATE_METHOD_MATCH = YES;
				COPY_PHASE_STRIP = NO;
				DEBUG_INFORMATION_FORMAT = "dwarf-with-dsym";
				ENABLE_NS_ASSERTIONS = NO;
				ENABLE_STRICT_OBJC_MSGSEND = YES;
				GCC_C_LANGUAGE_STANDARD = gnu11;
				GCC_NO_COMMON_BLOCKS = YES;
				GCC_WARN_64_TO_32_BIT_CONVERSION = YES;
				GCC_WARN_ABOUT_RETURN_TYPE = YES_ERROR;
				GCC_WARN_UNDECLARED_SELECTOR = YES;
				GCC_WARN_UNINITIALIZED_AUTOS = YES_AGGRESSIVE;
				GCC_WARN_UNUSED_FUNCTION = YES;
				GCC_WARN_UNUSED_VARIABLE = YES;
				IPHONEOS_DEPLOYMENT_TARGET = 14.5;
				MTL_ENABLE_DEBUG_INFO = NO;
				MTL_FAST_MATH = YES;
				SDKROOT = iphoneos;
				SWIFT_COMPILATION_MODE = wholemodule;
				SWIFT_OPTIMIZATION_LEVEL = "-O";
				VALIDATE_PRODUCT = YES;
			};
			name = Release;
		};
		2E52048626E6419400F283DE /* Debug */ = {
			isa = XCBuildConfiguration;
			baseConfigurationReference = EF146C4F304FF2339E7CF6E7 /* Pods-Listing.debug.xcconfig */;
			buildSettings = {
				ASSETCATALOG_COMPILER_APPICON_NAME = AppIcon;
				ASSETCATALOG_COMPILER_GLOBAL_ACCENT_COLOR_NAME = AccentColor;
				CODE_SIGN_STYLE = Automatic;
				INFOPLIST_FILE = Listing/Info.plist;
				IPHONEOS_DEPLOYMENT_TARGET = 13.0;
				LD_RUNPATH_SEARCH_PATHS = (
					"$(inherited)",
					"@executable_path/Frameworks",
				);
				PRODUCT_BUNDLE_IDENTIFIER = com.pakeeza.Listing;
				PRODUCT_NAME = "$(TARGET_NAME)";
				SWIFT_VERSION = 4.0;
				TARGETED_DEVICE_FAMILY = "1,2";
			};
			name = Debug;
		};
		2E52048726E6419400F283DE /* Release */ = {
			isa = XCBuildConfiguration;
			baseConfigurationReference = 1123CEAAD5B5C07EFF6971CC /* Pods-Listing.release.xcconfig */;
			buildSettings = {
				ASSETCATALOG_COMPILER_APPICON_NAME = AppIcon;
				ASSETCATALOG_COMPILER_GLOBAL_ACCENT_COLOR_NAME = AccentColor;
				CODE_SIGN_STYLE = Automatic;
				INFOPLIST_FILE = Listing/Info.plist;
				IPHONEOS_DEPLOYMENT_TARGET = 13.0;
				LD_RUNPATH_SEARCH_PATHS = (
					"$(inherited)",
					"@executable_path/Frameworks",
				);
				PRODUCT_BUNDLE_IDENTIFIER = com.pakeeza.Listing;
				PRODUCT_NAME = "$(TARGET_NAME)";
				SWIFT_VERSION = 4.0;
				TARGETED_DEVICE_FAMILY = "1,2";
			};
			name = Release;
		};
/* End XCBuildConfiguration section */

/* Begin XCConfigurationList section */
		2E52046C26E6419300F283DE /* Build configuration list for PBXProject "Listing" */ = {
			isa = XCConfigurationList;
			buildConfigurations = (
				2E52048326E6419400F283DE /* Debug */,
				2E52048426E6419400F283DE /* Release */,
			);
			defaultConfigurationIsVisible = 0;
			defaultConfigurationName = Release;
		};
		2E52048526E6419400F283DE /* Build configuration list for PBXNativeTarget "Listing" */ = {
			isa = XCConfigurationList;
			buildConfigurations = (
				2E52048626E6419400F283DE /* Debug */,
				2E52048726E6419400F283DE /* Release */,
			);
			defaultConfigurationIsVisible = 0;
			defaultConfigurationName = Release;
		};
/* End XCConfigurationList section */

/* Begin XCVersionGroup section */
		2E52050226EB686900F283DE /* Listing.xcdatamodeld */ = {
			isa = XCVersionGroup;
			children = (
				2E52050326EB686900F283DE /* Listing.xcdatamodel */,
			);
			currentVersion = 2E52050326EB686900F283DE /* Listing.xcdatamodel */;
			path = Listing.xcdatamodeld;
			sourceTree = "<group>";
			versionGroupType = wrapper.xcdatamodel;
		};
/* End XCVersionGroup section */
	};
	rootObject = 2E52046926E6419300F283DE /* Project object */;
}
