// !$*UTF8*$!
{
	archiveVersion = 1;
	classes = {
	};
	objectVersion = 51;
	objects = {

/* Begin PBXBuildFile section */
		2E52047526E6419300F283DE /* AppDelegate.swift in Sources */ = {isa = PBXBuildFile; fileRef = 2E52047426E6419300F283DE /* AppDelegate.swift */; };
		2E52047726E6419300F283DE /* SceneDelegate.swift in Sources */ = {isa = PBXBuildFile; fileRef = 2E52047626E6419300F283DE /* SceneDelegate.swift */; };
		2E52047926E6419300F283DE /* HomeViewController.swift in Sources */ = {isa = PBXBuildFile; fileRef = 2E52047826E6419300F283DE /* HomeViewController.swift */; };
		2E52047C26E6419300F283DE /* Main.storyboard in Resources */ = {isa = PBXBuildFile; fileRef = 2E52047A26E6419300F283DE /* Main.storyboard */; };
		2E52047E26E6419400F283DE /* Assets.xcassets in Resources */ = {isa = PBXBuildFile; fileRef = 2E52047D26E6419400F283DE /* Assets.xcassets */; };
		2E52048126E6419400F283DE /* LaunchScreen.storyboard in Resources */ = {isa = PBXBuildFile; fileRef = 2E52047F26E6419400F283DE /* LaunchScreen.storyboard */; };
		2E52048C26E7442700F283DE /* RegisterViewController.swift in Sources */ = {isa = PBXBuildFile; fileRef = 2E52048B26E7442700F283DE /* RegisterViewController.swift */; };
		2E52048E26E7452600F283DE /* LoginViewController.swift in Sources */ = {isa = PBXBuildFile; fileRef = 2E52048D26E7452600F283DE /* LoginViewController.swift */; };
		2E52049426E8A59900F283DE /* AdminStoryboard.storyboard in Resources */ = {isa = PBXBuildFile; fileRef = 2E52049326E8A59900F283DE /* AdminStoryboard.storyboard */; };
		2E52049626E8BCD900F283DE /* FeedViewController.swift in Sources */ = {isa = PBXBuildFile; fileRef = 2E52049526E8BCD900F283DE /* FeedViewController.swift */; };
		2E52049A26E8E51900F283DE /* MyAdsViewController.swift in Sources */ = {isa = PBXBuildFile; fileRef = 2E52049926E8E51900F283DE /* MyAdsViewController.swift */; };
		2E52049C26E8E5C900F283DE /* PostAdViewController.swift in Sources */ = {isa = PBXBuildFile; fileRef = 2E52049B26E8E5C900F283DE /* PostAdViewController.swift */; };
		2E52049E26E8E5F700F283DE /* ProfileViewController.swift in Sources */ = {isa = PBXBuildFile; fileRef = 2E52049D26E8E5F700F283DE /* ProfileViewController.swift */; };
		2E5204A026E9E5FA00F283DE /* AdminNewsViewController.swift in Sources */ = {isa = PBXBuildFile; fileRef = 2E52049F26E9E5FA00F283DE /* AdminNewsViewController.swift */; };
		2E5204A226E9EE5E00F283DE /* EditProfileViewController.swift in Sources */ = {isa = PBXBuildFile; fileRef = 2E5204A126E9EE5E00F283DE /* EditProfileViewController.swift */; };
		2E52050426EB686900F283DE /* Listing.xcdatamodeld in Sources */ = {isa = PBXBuildFile; fileRef = 2E52050226EB686900F283DE /* Listing.xcdatamodeld */; };
		2E52050E26EE3FA500F283DE /* GoogleService-Info.plist in Resources */ = {isa = PBXBuildFile; fileRef = 2E52050D26EE3FA500F283DE /* GoogleService-Info.plist */; };
		2E52051426EF57BB00F283DE /* AdsModel.swift in Sources */ = {isa = PBXBuildFile; fileRef = 2E52051326EF57BB00F283DE /* AdsModel.swift */; };
		2E52051E26F11E8400F283DE /* Listing_Tests.swift in Sources */ = {isa = PBXBuildFile; fileRef = 2E52051D26F11E8400F283DE /* Listing_Tests.swift */; };
		2E52052A26F1C46900F283DE /* AdInfo.swift in Sources */ = {isa = PBXBuildFile; fileRef = 2E52052926F1C46900F283DE /* AdInfo.swift */; };
		2E52052C26F1DCDF00F283DE /* MyAdInfoCell.swift in Sources */ = {isa = PBXBuildFile; fileRef = 2E52052B26F1DCDF00F283DE /* MyAdInfoCell.swift */; };
		2E52052E26F1F41600F283DE /* NewsModel.swift in Sources */ = {isa = PBXBuildFile; fileRef = 2E52052D26F1F41600F283DE /* NewsModel.swift */; };
		2E52053026F2016400F283DE /* AdminViewController.swift in Sources */ = {isa = PBXBuildFile; fileRef = 2E52052F26F2016400F283DE /* AdminViewController.swift */; };
		2E52053226F20BF900F283DE /* AdminLogoutController.swift in Sources */ = {isa = PBXBuildFile; fileRef = 2E52053126F20BF900F283DE /* AdminLogoutController.swift */; };
		2E52053626F2134100F283DE /* AddNewsViewController.swift in Sources */ = {isa = PBXBuildFile; fileRef = 2E52053526F2134100F283DE /* AddNewsViewController.swift */; };
		2E52053A26F3090600F283DE /* RegisterViewControllerTests.swift in Sources */ = {isa = PBXBuildFile; fileRef = 2E52053926F3090600F283DE /* RegisterViewControllerTests.swift */; };
		2E52054026F4605F00F283DE /* LoginViewControllerTest.swift in Sources */ = {isa = PBXBuildFile; fileRef = 2E52053F26F4605F00F283DE /* LoginViewControllerTest.swift */; };
		2E52054426F46DA600F283DE /* EditProfileViewControllerTest.swift in Sources */ = {isa = PBXBuildFile; fileRef = 2E52054326F46DA600F283DE /* EditProfileViewControllerTest.swift */; };
		2E52054626F47C0200F283DE /* NewsModelTest.swift in Sources */ = {isa = PBXBuildFile; fileRef = 2E52054526F47C0200F283DE /* NewsModelTest.swift */; };
		2E52054826F483B000F283DE /* AdminLogoutViewControllerTest.swift in Sources */ = {isa = PBXBuildFile; fileRef = 2E52054726F483B000F283DE /* AdminLogoutViewControllerTest.swift */; };
		2E52054A26F485D300F283DE /* AdsModelTest.swift in Sources */ = {isa = PBXBuildFile; fileRef = 2E52054926F485D300F283DE /* AdsModelTest.swift */; };
		2E52054C26F48C1200F283DE /* AddNewsViewControllerTest.swift in Sources */ = {isa = PBXBuildFile; fileRef = 2E52054B26F48C1200F283DE /* AddNewsViewControllerTest.swift */; };
		2E52055026F4979600F283DE /* PostAdViewControllerTest.swift in Sources */ = {isa = PBXBuildFile; fileRef = 2E52054F26F4979600F283DE /* PostAdViewControllerTest.swift */; };
		2E52055226F4ACEE00F283DE /* ProfileViewControllerTest.swift in Sources */ = {isa = PBXBuildFile; fileRef = 2E52055126F4ACEE00F283DE /* ProfileViewControllerTest.swift */; };
		2E52055426F4B57D00F283DE /* HomeViewControllerTest.swift in Sources */ = {isa = PBXBuildFile; fileRef = 2E52055326F4B57D00F283DE /* HomeViewControllerTest.swift */; };
		2E52055626F4BD2F00F283DE /* FeedViewControllerTest.swift in Sources */ = {isa = PBXBuildFile; fileRef = 2E52055526F4BD2F00F283DE /* FeedViewControllerTest.swift */; };
		2E52055826F4CBA100F283DE /* MyAdsViewControllerTest.swift in Sources */ = {isa = PBXBuildFile; fileRef = 2E52055726F4CBA100F283DE /* MyAdsViewControllerTest.swift */; };
		2E52055A26F84F0300F283DE /* AdminViewControllerTest.swift in Sources */ = {isa = PBXBuildFile; fileRef = 2E52055926F84F0300F283DE /* AdminViewControllerTest.swift */; };
		2E52055C26F8509D00F283DE /* AdminNewsViewControllerTest.swift in Sources */ = {isa = PBXBuildFile; fileRef = 2E52055B26F8509D00F283DE /* AdminNewsViewControllerTest.swift */; };
		3DB2AA350DA31840D6E77BB9 /* Pods_Listing.framework in Frameworks */ = {isa = PBXBuildFile; fileRef = 5D0E22484A8BBC74CC8BA028 /* Pods_Listing.framework */; };
		7636A0CE620DA3A216C60815 /* libPods-Listing Tests.a in Frameworks */ = {isa = PBXBuildFile; fileRef = 4CC55E83D32AC4DD578DAA84 /* libPods-Listing Tests.a */; };
/* End PBXBuildFile section */

/* Begin PBXContainerItemProxy section */
		2E52052026F11E8400F283DE /* PBXContainerItemProxy */ = {
			isa = PBXContainerItemProxy;
			containerPortal = 2E52046926E6419300F283DE /* Project object */;
			proxyType = 1;
			remoteGlobalIDString = 2E52047026E6419300F283DE;
			remoteInfo = Listing;
		};
/* End PBXContainerItemProxy section */

/* Begin PBXFileReference section */
		2E52047126E6419300F283DE /* Listing.app */ = {isa = PBXFileReference; explicitFileType = wrapper.application; includeInIndex = 0; path = Listing.app; sourceTree = BUILT_PRODUCTS_DIR; };
		2E52047426E6419300F283DE /* AppDelegate.swift */ = {isa = PBXFileReference; lastKnownFileType = sourcecode.swift; path = AppDelegate.swift; sourceTree = "<group>"; };
		2E52047626E6419300F283DE /* SceneDelegate.swift */ = {isa = PBXFileReference; lastKnownFileType = sourcecode.swift; path = SceneDelegate.swift; sourceTree = "<group>"; };
		2E52047826E6419300F283DE /* HomeViewController.swift */ = {isa = PBXFileReference; lastKnownFileType = sourcecode.swift; path = HomeViewController.swift; sourceTree = "<group>"; };
		2E52047B26E6419300F283DE /* Base */ = {isa = PBXFileReference; lastKnownFileType = file.storyboard; name = Base; path = Base.lproj/Main.storyboard; sourceTree = "<group>"; };
		2E52047D26E6419400F283DE /* Assets.xcassets */ = {isa = PBXFileReference; lastKnownFileType = folder.assetcatalog; path = Assets.xcassets; sourceTree = "<group>"; };
		2E52048026E6419400F283DE /* Base */ = {isa = PBXFileReference; lastKnownFileType = file.storyboard; name = Base; path = Base.lproj/LaunchScreen.storyboard; sourceTree = "<group>"; };
		2E52048226E6419400F283DE /* Info.plist */ = {isa = PBXFileReference; lastKnownFileType = text.plist.xml; path = Info.plist; sourceTree = "<group>"; };
		2E52048B26E7442700F283DE /* RegisterViewController.swift */ = {isa = PBXFileReference; lastKnownFileType = sourcecode.swift; path = RegisterViewController.swift; sourceTree = "<group>"; };
		2E52048D26E7452600F283DE /* LoginViewController.swift */ = {isa = PBXFileReference; lastKnownFileType = sourcecode.swift; path = LoginViewController.swift; sourceTree = "<group>"; };
		2E52049326E8A59900F283DE /* AdminStoryboard.storyboard */ = {isa = PBXFileReference; lastKnownFileType = file.storyboard; path = AdminStoryboard.storyboard; sourceTree = "<group>"; };
		2E52049526E8BCD900F283DE /* FeedViewController.swift */ = {isa = PBXFileReference; lastKnownFileType = sourcecode.swift; path = FeedViewController.swift; sourceTree = "<group>"; };
		2E52049926E8E51900F283DE /* MyAdsViewController.swift */ = {isa = PBXFileReference; lastKnownFileType = sourcecode.swift; path = MyAdsViewController.swift; sourceTree = "<group>"; };
		2E52049B26E8E5C900F283DE /* PostAdViewController.swift */ = {isa = PBXFileReference; lastKnownFileType = sourcecode.swift; path = PostAdViewController.swift; sourceTree = "<group>"; };
		2E52049D26E8E5F700F283DE /* ProfileViewController.swift */ = {isa = PBXFileReference; lastKnownFileType = sourcecode.swift; path = ProfileViewController.swift; sourceTree = "<group>"; };
		2E52049F26E9E5FA00F283DE /* AdminNewsViewController.swift */ = {isa = PBXFileReference; lastKnownFileType = sourcecode.swift; path = AdminNewsViewController.swift; sourceTree = "<group>"; };
		2E5204A126E9EE5E00F283DE /* EditProfileViewController.swift */ = {isa = PBXFileReference; lastKnownFileType = sourcecode.swift; path = EditProfileViewController.swift; sourceTree = "<group>"; };
		2E52050326EB686900F283DE /* Listing.xcdatamodel */ = {isa = PBXFileReference; lastKnownFileType = wrapper.xcdatamodel; path = Listing.xcdatamodel; sourceTree = "<group>"; };
		2E52050D26EE3FA500F283DE /* GoogleService-Info.plist */ = {isa = PBXFileReference; fileEncoding = 4; lastKnownFileType = text.plist.xml; path = "GoogleService-Info.plist"; sourceTree = "<group>"; };
		2E52051326EF57BB00F283DE /* AdsModel.swift */ = {isa = PBXFileReference; lastKnownFileType = sourcecode.swift; path = AdsModel.swift; sourceTree = "<group>"; };
		2E52051B26F11E8300F283DE /* Listing Tests.xctest */ = {isa = PBXFileReference; explicitFileType = wrapper.cfbundle; includeInIndex = 0; path = "Listing Tests.xctest"; sourceTree = BUILT_PRODUCTS_DIR; };
		2E52051D26F11E8400F283DE /* Listing_Tests.swift */ = {isa = PBXFileReference; lastKnownFileType = sourcecode.swift; path = Listing_Tests.swift; sourceTree = "<group>"; };
		2E52051F26F11E8400F283DE /* Info.plist */ = {isa = PBXFileReference; lastKnownFileType = text.plist.xml; path = Info.plist; sourceTree = "<group>"; };
		2E52052926F1C46900F283DE /* AdInfo.swift */ = {isa = PBXFileReference; lastKnownFileType = sourcecode.swift; path = AdInfo.swift; sourceTree = "<group>"; };
		2E52052B26F1DCDF00F283DE /* MyAdInfoCell.swift */ = {isa = PBXFileReference; lastKnownFileType = sourcecode.swift; path = MyAdInfoCell.swift; sourceTree = "<group>"; };
		2E52052D26F1F41600F283DE /* NewsModel.swift */ = {isa = PBXFileReference; lastKnownFileType = sourcecode.swift; path = NewsModel.swift; sourceTree = "<group>"; };
		2E52052F26F2016400F283DE /* AdminViewController.swift */ = {isa = PBXFileReference; lastKnownFileType = sourcecode.swift; path = AdminViewController.swift; sourceTree = "<group>"; };
		2E52053126F20BF900F283DE /* AdminLogoutController.swift */ = {isa = PBXFileReference; lastKnownFileType = sourcecode.swift; path = AdminLogoutController.swift; sourceTree = "<group>"; };
		2E52053526F2134100F283DE /* AddNewsViewController.swift */ = {isa = PBXFileReference; lastKnownFileType = sourcecode.swift; path = AddNewsViewController.swift; sourceTree = "<group>"; };
		2E52053926F3090600F283DE /* RegisterViewControllerTests.swift */ = {isa = PBXFileReference; lastKnownFileType = sourcecode.swift; path = RegisterViewControllerTests.swift; sourceTree = "<group>"; };
		2E52053F26F4605F00F283DE /* LoginViewControllerTest.swift */ = {isa = PBXFileReference; lastKnownFileType = sourcecode.swift; path = LoginViewControllerTest.swift; sourceTree = "<group>"; };
		2E52054326F46DA600F283DE /* EditProfileViewControllerTest.swift */ = {isa = PBXFileReference; lastKnownFileType = sourcecode.swift; path = EditProfileViewControllerTest.swift; sourceTree = "<group>"; };
		2E52054526F47C0200F283DE /* NewsModelTest.swift */ = {isa = PBXFileReference; lastKnownFileType = sourcecode.swift; path = NewsModelTest.swift; sourceTree = "<group>"; };
		2E52054726F483B000F283DE /* AdminLogoutViewControllerTest.swift */ = {isa = PBXFileReference; lastKnownFileType = sourcecode.swift; path = AdminLogoutViewControllerTest.swift; sourceTree = "<group>"; };
		2E52054926F485D300F283DE /* AdsModelTest.swift */ = {isa = PBXFileReference; lastKnownFileType = sourcecode.swift; path = AdsModelTest.swift; sourceTree = "<group>"; };
		2E52054B26F48C1200F283DE /* AddNewsViewControllerTest.swift */ = {isa = PBXFileReference; lastKnownFileType = sourcecode.swift; path = AddNewsViewControllerTest.swift; sourceTree = "<group>"; };
		2E52054F26F4979600F283DE /* PostAdViewControllerTest.swift */ = {isa = PBXFileReference; lastKnownFileType = sourcecode.swift; path = PostAdViewControllerTest.swift; sourceTree = "<group>"; };
		2E52055126F4ACEE00F283DE /* ProfileViewControllerTest.swift */ = {isa = PBXFileReference; lastKnownFileType = sourcecode.swift; path = ProfileViewControllerTest.swift; sourceTree = "<group>"; };
		2E52055326F4B57D00F283DE /* HomeViewControllerTest.swift */ = {isa = PBXFileReference; lastKnownFileType = sourcecode.swift; path = HomeViewControllerTest.swift; sourceTree = "<group>"; };
		2E52055526F4BD2F00F283DE /* FeedViewControllerTest.swift */ = {isa = PBXFileReference; lastKnownFileType = sourcecode.swift; path = FeedViewControllerTest.swift; sourceTree = "<group>"; };
		2E52055726F4CBA100F283DE /* MyAdsViewControllerTest.swift */ = {isa = PBXFileReference; lastKnownFileType = sourcecode.swift; path = MyAdsViewControllerTest.swift; sourceTree = "<group>"; };
		2E52055926F84F0300F283DE /* AdminViewControllerTest.swift */ = {isa = PBXFileReference; lastKnownFileType = sourcecode.swift; path = AdminViewControllerTest.swift; sourceTree = "<group>"; };
		2E52055B26F8509D00F283DE /* AdminNewsViewControllerTest.swift */ = {isa = PBXFileReference; lastKnownFileType = sourcecode.swift; path = AdminNewsViewControllerTest.swift; sourceTree = "<group>"; };
		3A11648D8350887EF3DBD31B /* Pods-Listing Tests.release.xcconfig */ = {isa = PBXFileReference; includeInIndex = 1; lastKnownFileType = text.xcconfig; name = "Pods-Listing Tests.release.xcconfig"; path = "Target Support Files/Pods-Listing Tests/Pods-Listing Tests.release.xcconfig"; sourceTree = "<group>"; };
		4CC55E83D32AC4DD578DAA84 /* libPods-Listing Tests.a */ = {isa = PBXFileReference; explicitFileType = archive.ar; includeInIndex = 0; path = "libPods-Listing Tests.a"; sourceTree = BUILT_PRODUCTS_DIR; };
		5D0E22484A8BBC74CC8BA028 /* Pods_Listing.framework */ = {isa = PBXFileReference; explicitFileType = wrapper.framework; includeInIndex = 0; path = Pods_Listing.framework; sourceTree = BUILT_PRODUCTS_DIR; };
		9FF46A67E721A9238ED6C677 /* Pods-Listing.debug.xcconfig */ = {isa = PBXFileReference; includeInIndex = 1; lastKnownFileType = text.xcconfig; name = "Pods-Listing.debug.xcconfig"; path = "Target Support Files/Pods-Listing/Pods-Listing.debug.xcconfig"; sourceTree = "<group>"; };
		B3703D4E356B3D3E50FDDC3D /* Pods-Listing Tests.debug.xcconfig */ = {isa = PBXFileReference; includeInIndex = 1; lastKnownFileType = text.xcconfig; name = "Pods-Listing Tests.debug.xcconfig"; path = "Target Support Files/Pods-Listing Tests/Pods-Listing Tests.debug.xcconfig"; sourceTree = "<group>"; };
		B88C8957A7085F66E8B7F846 /* Pods-Listing.release.xcconfig */ = {isa = PBXFileReference; includeInIndex = 1; lastKnownFileType = text.xcconfig; name = "Pods-Listing.release.xcconfig"; path = "Target Support Files/Pods-Listing/Pods-Listing.release.xcconfig"; sourceTree = "<group>"; };
/* End PBXFileReference section */

/* Begin PBXFrameworksBuildPhase section */
		2E52046E26E6419300F283DE /* Frameworks */ = {
			isa = PBXFrameworksBuildPhase;
			buildActionMask = 2147483647;
			files = (
				3DB2AA350DA31840D6E77BB9 /* Pods_Listing.framework in Frameworks */,
			);
			runOnlyForDeploymentPostprocessing = 0;
		};
		2E52051826F11E8300F283DE /* Frameworks */ = {
			isa = PBXFrameworksBuildPhase;
			buildActionMask = 2147483647;
			files = (
				7636A0CE620DA3A216C60815 /* libPods-Listing Tests.a in Frameworks */,
			);
			runOnlyForDeploymentPostprocessing = 0;
		};
/* End PBXFrameworksBuildPhase section */

/* Begin PBXGroup section */
		2E52046826E6419300F283DE = {
			isa = PBXGroup;
			children = (
				2E52047326E6419300F283DE /* Listing */,
				2E52051C26F11E8400F283DE /* Listing Tests */,
				2E52047226E6419300F283DE /* Products */,
				381705464D9C7E4BB0FD520B /* Pods */,
				EB6B517E9412F95D9F425204 /* Frameworks */,
			);
			sourceTree = "<group>";
		};
		2E52047226E6419300F283DE /* Products */ = {
			isa = PBXGroup;
			children = (
				2E52047126E6419300F283DE /* Listing.app */,
				2E52051B26F11E8300F283DE /* Listing Tests.xctest */,
			);
			name = Products;
			sourceTree = "<group>";
		};
		2E52047326E6419300F283DE /* Listing */ = {
			isa = PBXGroup;
			children = (
				2E52050D26EE3FA500F283DE /* GoogleService-Info.plist */,
				2E52048A26E743F500F283DE /* Model */,
				2E52048926E743EF00F283DE /* View */,
				2E52048826E743E500F283DE /* Controller */,
				2E52047426E6419300F283DE /* AppDelegate.swift */,
				2E52047626E6419300F283DE /* SceneDelegate.swift */,
				2E52047D26E6419400F283DE /* Assets.xcassets */,
				2E52047F26E6419400F283DE /* LaunchScreen.storyboard */,
				2E52048226E6419400F283DE /* Info.plist */,
				2E52050226EB686900F283DE /* Listing.xcdatamodeld */,
			);
			path = Listing;
			sourceTree = "<group>";
		};
		2E52048826E743E500F283DE /* Controller */ = {
			isa = PBXGroup;
			children = (
				2E52053426F2108A00F283DE /* Users */,
				2E52053326F2108000F283DE /* Admin */,
			);
			path = Controller;
			sourceTree = "<group>";
		};
		2E52048926E743EF00F283DE /* View */ = {
			isa = PBXGroup;
			children = (
				2E52047A26E6419300F283DE /* Main.storyboard */,
				2E52049326E8A59900F283DE /* AdminStoryboard.storyboard */,
				2E52052926F1C46900F283DE /* AdInfo.swift */,
				2E52052B26F1DCDF00F283DE /* MyAdInfoCell.swift */,
			);
			path = View;
			sourceTree = "<group>";
		};
		2E52048A26E743F500F283DE /* Model */ = {
			isa = PBXGroup;
			children = (
				2E52051326EF57BB00F283DE /* AdsModel.swift */,
				2E52052D26F1F41600F283DE /* NewsModel.swift */,
			);
			path = Model;
			sourceTree = "<group>";
		};
		2E52051C26F11E8400F283DE /* Listing Tests */ = {
			isa = PBXGroup;
			children = (
				2E52054926F485D300F283DE /* AdsModelTest.swift */,
				2E52054526F47C0200F283DE /* NewsModelTest.swift */,
				2E52055326F4B57D00F283DE /* HomeViewControllerTest.swift */,
				2E52054F26F4979600F283DE /* PostAdViewControllerTest.swift */,
				2E52055526F4BD2F00F283DE /* FeedViewControllerTest.swift */,
				2E52055126F4ACEE00F283DE /* ProfileViewControllerTest.swift */,
				2E52053F26F4605F00F283DE /* LoginViewControllerTest.swift */,
				2E52053926F3090600F283DE /* RegisterViewControllerTests.swift */,
				2E52055726F4CBA100F283DE /* MyAdsViewControllerTest.swift */,
				2E52054326F46DA600F283DE /* EditProfileViewControllerTest.swift */,
				2E52055926F84F0300F283DE /* AdminViewControllerTest.swift */,
				2E52055B26F8509D00F283DE /* AdminNewsViewControllerTest.swift */,
				2E52054B26F48C1200F283DE /* AddNewsViewControllerTest.swift */,
				2E52054726F483B000F283DE /* AdminLogoutViewControllerTest.swift */,
				2E52051F26F11E8400F283DE /* Info.plist */,
				2E52051D26F11E8400F283DE /* Listing_Tests.swift */,
			);
			path = "Listing Tests";
			sourceTree = "<group>";
		};
		2E52053326F2108000F283DE /* Admin */ = {
			isa = PBXGroup;
			children = (
				2E52052F26F2016400F283DE /* AdminViewController.swift */,
				2E52049F26E9E5FA00F283DE /* AdminNewsViewController.swift */,
				2E52053526F2134100F283DE /* AddNewsViewController.swift */,
				2E52053126F20BF900F283DE /* AdminLogoutController.swift */,
			);
			path = Admin;
			sourceTree = "<group>";
		};
		2E52053426F2108A00F283DE /* Users */ = {
			isa = PBXGroup;
			children = (
				2E52047826E6419300F283DE /* HomeViewController.swift */,
				2E52049B26E8E5C900F283DE /* PostAdViewController.swift */,
				2E52049526E8BCD900F283DE /* FeedViewController.swift */,
				2E52049D26E8E5F700F283DE /* ProfileViewController.swift */,
				2E52048D26E7452600F283DE /* LoginViewController.swift */,
				2E52048B26E7442700F283DE /* RegisterViewController.swift */,
				2E52049926E8E51900F283DE /* MyAdsViewController.swift */,
				2E5204A126E9EE5E00F283DE /* EditProfileViewController.swift */,
			);
			path = Users;
			sourceTree = "<group>";
		};
		381705464D9C7E4BB0FD520B /* Pods */ = {
			isa = PBXGroup;
			children = (
				9FF46A67E721A9238ED6C677 /* Pods-Listing.debug.xcconfig */,
				B88C8957A7085F66E8B7F846 /* Pods-Listing.release.xcconfig */,
				B3703D4E356B3D3E50FDDC3D /* Pods-Listing Tests.debug.xcconfig */,
				3A11648D8350887EF3DBD31B /* Pods-Listing Tests.release.xcconfig */,
			);
			path = Pods;
			sourceTree = "<group>";
		};
		EB6B517E9412F95D9F425204 /* Frameworks */ = {
			isa = PBXGroup;
			children = (
				5D0E22484A8BBC74CC8BA028 /* Pods_Listing.framework */,
				4CC55E83D32AC4DD578DAA84 /* libPods-Listing Tests.a */,
			);
			name = Frameworks;
			sourceTree = "<group>";
		};
/* End PBXGroup section */

/* Begin PBXNativeTarget section */
		2E52047026E6419300F283DE /* Listing */ = {
			isa = PBXNativeTarget;
			buildConfigurationList = 2E52048526E6419400F283DE /* Build configuration list for PBXNativeTarget "Listing" */;
			buildPhases = (
				5F058706D9C7DD6D829D13FE /* [CP] Check Pods Manifest.lock */,
				2E52046D26E6419300F283DE /* Sources */,
				2E52046E26E6419300F283DE /* Frameworks */,
				2E52046F26E6419300F283DE /* Resources */,
				1B38E41DE6420D4BFE7340A3 /* [CP] Embed Pods Frameworks */,
			);
			buildRules = (
			);
			dependencies = (
			);
			name = Listing;
			productName = Listing;
			productReference = 2E52047126E6419300F283DE /* Listing.app */;
			productType = "com.apple.product-type.application";
		};
		2E52051A26F11E8300F283DE /* Listing Tests */ = {
			isa = PBXNativeTarget;
			buildConfigurationList = 2E52052426F11E8400F283DE /* Build configuration list for PBXNativeTarget "Listing Tests" */;
			buildPhases = (
				1525F43897D2BD4C72192660 /* [CP] Check Pods Manifest.lock */,
				2E52051726F11E8300F283DE /* Sources */,
				2E52051826F11E8300F283DE /* Frameworks */,
				2E52051926F11E8300F283DE /* Resources */,
			);
			buildRules = (
			);
			dependencies = (
				2E52052126F11E8400F283DE /* PBXTargetDependency */,
			);
			name = "Listing Tests";
			productName = "Listing Tests";
			productReference = 2E52051B26F11E8300F283DE /* Listing Tests.xctest */;
			productType = "com.apple.product-type.bundle.unit-test";
		};
/* End PBXNativeTarget section */

/* Begin PBXProject section */
		2E52046926E6419300F283DE /* Project object */ = {
			isa = PBXProject;
			attributes = {
				LastSwiftUpdateCheck = 1250;
				LastUpgradeCheck = 1250;
				TargetAttributes = {
					2E52047026E6419300F283DE = {
						CreatedOnToolsVersion = 12.5.1;
					};
					2E52051A26F11E8300F283DE = {
						CreatedOnToolsVersion = 12.5.1;
						TestTargetID = 2E52047026E6419300F283DE;
					};
				};
			};
			buildConfigurationList = 2E52046C26E6419300F283DE /* Build configuration list for PBXProject "Listing" */;
			compatibilityVersion = "Xcode 9.3";
			developmentRegion = en;
			hasScannedForEncodings = 0;
			knownRegions = (
				en,
				Base,
			);
			mainGroup = 2E52046826E6419300F283DE;
			productRefGroup = 2E52047226E6419300F283DE /* Products */;
			projectDirPath = "";
			projectRoot = "";
			targets = (
				2E52047026E6419300F283DE /* Listing */,
				2E52051A26F11E8300F283DE /* Listing Tests */,
			);
		};
/* End PBXProject section */

/* Begin PBXResourcesBuildPhase section */
		2E52046F26E6419300F283DE /* Resources */ = {
			isa = PBXResourcesBuildPhase;
			buildActionMask = 2147483647;
			files = (
				2E52048126E6419400F283DE /* LaunchScreen.storyboard in Resources */,
				2E52047E26E6419400F283DE /* Assets.xcassets in Resources */,
				2E52050E26EE3FA500F283DE /* GoogleService-Info.plist in Resources */,
				2E52047C26E6419300F283DE /* Main.storyboard in Resources */,
				2E52049426E8A59900F283DE /* AdminStoryboard.storyboard in Resources */,
			);
			runOnlyForDeploymentPostprocessing = 0;
		};
		2E52051926F11E8300F283DE /* Resources */ = {
			isa = PBXResourcesBuildPhase;
			buildActionMask = 2147483647;
			files = (
			);
			runOnlyForDeploymentPostprocessing = 0;
		};
/* End PBXResourcesBuildPhase section */

/* Begin PBXShellScriptBuildPhase section */
		1525F43897D2BD4C72192660 /* [CP] Check Pods Manifest.lock */ = {
			isa = PBXShellScriptBuildPhase;
			buildActionMask = 2147483647;
			files = (
			);
			inputFileListPaths = (
			);
			inputPaths = (
				"${PODS_PODFILE_DIR_PATH}/Podfile.lock",
				"${PODS_ROOT}/Manifest.lock",
			);
			name = "[CP] Check Pods Manifest.lock";
			outputFileListPaths = (
			);
			outputPaths = (
				"$(DERIVED_FILE_DIR)/Pods-Listing Tests-checkManifestLockResult.txt",
			);
			runOnlyForDeploymentPostprocessing = 0;
			shellPath = /bin/sh;
			shellScript = "diff \"${PODS_PODFILE_DIR_PATH}/Podfile.lock\" \"${PODS_ROOT}/Manifest.lock\" > /dev/null\nif [ $? != 0 ] ; then\n    # print error to STDERR\n    echo \"error: The sandbox is not in sync with the Podfile.lock. Run 'pod install' or update your CocoaPods installation.\" >&2\n    exit 1\nfi\n# This output is used by Xcode 'outputs' to avoid re-running this script phase.\necho \"SUCCESS\" > \"${SCRIPT_OUTPUT_FILE_0}\"\n";
			showEnvVarsInLog = 0;
		};
		1B38E41DE6420D4BFE7340A3 /* [CP] Embed Pods Frameworks */ = {
			isa = PBXShellScriptBuildPhase;
			buildActionMask = 2147483647;
			files = (
			);
			inputFileListPaths = (
				"${PODS_ROOT}/Target Support Files/Pods-Listing/Pods-Listing-frameworks-${CONFIGURATION}-input-files.xcfilelist",
			);
			name = "[CP] Embed Pods Frameworks";
			outputFileListPaths = (
				"${PODS_ROOT}/Target Support Files/Pods-Listing/Pods-Listing-frameworks-${CONFIGURATION}-output-files.xcfilelist",
			);
			runOnlyForDeploymentPostprocessing = 0;
			shellPath = /bin/sh;
			shellScript = "\"${PODS_ROOT}/Target Support Files/Pods-Listing/Pods-Listing-frameworks.sh\"\n";
			showEnvVarsInLog = 0;
		};
		5F058706D9C7DD6D829D13FE /* [CP] Check Pods Manifest.lock */ = {
			isa = PBXShellScriptBuildPhase;
			buildActionMask = 2147483647;
			files = (
			);
			inputFileListPaths = (
			);
			inputPaths = (
				"${PODS_PODFILE_DIR_PATH}/Podfile.lock",
				"${PODS_ROOT}/Manifest.lock",
			);
			name = "[CP] Check Pods Manifest.lock";
			outputFileListPaths = (
			);
			outputPaths = (
				"$(DERIVED_FILE_DIR)/Pods-Listing-checkManifestLockResult.txt",
			);
			runOnlyForDeploymentPostprocessing = 0;
			shellPath = /bin/sh;
			shellScript = "diff \"${PODS_PODFILE_DIR_PATH}/Podfile.lock\" \"${PODS_ROOT}/Manifest.lock\" > /dev/null\nif [ $? != 0 ] ; then\n    # print error to STDERR\n    echo \"error: The sandbox is not in sync with the Podfile.lock. Run 'pod install' or update your CocoaPods installation.\" >&2\n    exit 1\nfi\n# This output is used by Xcode 'outputs' to avoid re-running this script phase.\necho \"SUCCESS\" > \"${SCRIPT_OUTPUT_FILE_0}\"\n";
			showEnvVarsInLog = 0;
		};
/* End PBXShellScriptBuildPhase section */

/* Begin PBXSourcesBuildPhase section */
		2E52046D26E6419300F283DE /* Sources */ = {
			isa = PBXSourcesBuildPhase;
			buildActionMask = 2147483647;
			files = (
				2E52050426EB686900F283DE /* Listing.xcdatamodeld in Sources */,
				2E52049A26E8E51900F283DE /* MyAdsViewController.swift in Sources */,
				2E52049E26E8E5F700F283DE /* ProfileViewController.swift in Sources */,
				2E52052E26F1F41600F283DE /* NewsModel.swift in Sources */,
				2E52052A26F1C46900F283DE /* AdInfo.swift in Sources */,
				2E52053626F2134100F283DE /* AddNewsViewController.swift in Sources */,
				2E52053226F20BF900F283DE /* AdminLogoutController.swift in Sources */,
				2E52047926E6419300F283DE /* HomeViewController.swift in Sources */,
				2E52047526E6419300F283DE /* AppDelegate.swift in Sources */,
				2E52049C26E8E5C900F283DE /* PostAdViewController.swift in Sources */,
				2E52052C26F1DCDF00F283DE /* MyAdInfoCell.swift in Sources */,
				2E5204A026E9E5FA00F283DE /* AdminNewsViewController.swift in Sources */,
				2E52047726E6419300F283DE /* SceneDelegate.swift in Sources */,
				2E5204A226E9EE5E00F283DE /* EditProfileViewController.swift in Sources */,
				2E52048E26E7452600F283DE /* LoginViewController.swift in Sources */,
				2E52048C26E7442700F283DE /* RegisterViewController.swift in Sources */,
				2E52053026F2016400F283DE /* AdminViewController.swift in Sources */,
				2E52049626E8BCD900F283DE /* FeedViewController.swift in Sources */,
				2E52051426EF57BB00F283DE /* AdsModel.swift in Sources */,
			);
			runOnlyForDeploymentPostprocessing = 0;
		};
		2E52051726F11E8300F283DE /* Sources */ = {
			isa = PBXSourcesBuildPhase;
			buildActionMask = 2147483647;
			files = (
				2E52054426F46DA600F283DE /* EditProfileViewControllerTest.swift in Sources */,
				2E52055426F4B57D00F283DE /* HomeViewControllerTest.swift in Sources */,
				2E52055026F4979600F283DE /* PostAdViewControllerTest.swift in Sources */,
				2E52055826F4CBA100F283DE /* MyAdsViewControllerTest.swift in Sources */,
				2E52054026F4605F00F283DE /* LoginViewControllerTest.swift in Sources */,
				2E52054C26F48C1200F283DE /* AddNewsViewControllerTest.swift in Sources */,
				2E52055A26F84F0300F283DE /* AdminViewControllerTest.swift in Sources */,
				2E52054826F483B000F283DE /* AdminLogoutViewControllerTest.swift in Sources */,
				2E52054A26F485D300F283DE /* AdsModelTest.swift in Sources */,
				2E52055226F4ACEE00F283DE /* ProfileViewControllerTest.swift in Sources */,
				2E52051E26F11E8400F283DE /* Listing_Tests.swift in Sources */,
				2E52054626F47C0200F283DE /* NewsModelTest.swift in Sources */,
				2E52055C26F8509D00F283DE /* AdminNewsViewControllerTest.swift in Sources */,
				2E52055626F4BD2F00F283DE /* FeedViewControllerTest.swift in Sources */,
				2E52053A26F3090600F283DE /* RegisterViewControllerTests.swift in Sources */,
			);
			runOnlyForDeploymentPostprocessing = 0;
		};
/* End PBXSourcesBuildPhase section */

/* Begin PBXTargetDependency section */
		2E52052126F11E8400F283DE /* PBXTargetDependency */ = {
			isa = PBXTargetDependency;
			target = 2E52047026E6419300F283DE /* Listing */;
			targetProxy = 2E52052026F11E8400F283DE /* PBXContainerItemProxy */;
		};
/* End PBXTargetDependency section */

/* Begin PBXVariantGroup section */
		2E52047A26E6419300F283DE /* Main.storyboard */ = {
			isa = PBXVariantGroup;
			children = (
				2E52047B26E6419300F283DE /* Base */,
			);
			name = Main.storyboard;
			sourceTree = "<group>";
		};
		2E52047F26E6419400F283DE /* LaunchScreen.storyboard */ = {
			isa = PBXVariantGroup;
			children = (
				2E52048026E6419400F283DE /* Base */,
			);
			name = LaunchScreen.storyboard;
			sourceTree = "<group>";
		};
/* End PBXVariantGroup section */

/* Begin XCBuildConfiguration section */
		2E52048326E6419400F283DE /* Debug */ = {
			isa = XCBuildConfiguration;
			buildSettings = {
				ALWAYS_SEARCH_USER_PATHS = NO;
				CLANG_ANALYZER_NONNULL = YES;
				CLANG_ANALYZER_NUMBER_OBJECT_CONVERSION = YES_AGGRESSIVE;
				CLANG_CXX_LANGUAGE_STANDARD = "gnu++14";
				CLANG_CXX_LIBRARY = "libc++";
				CLANG_ENABLE_MODULES = YES;
				CLANG_ENABLE_OBJC_ARC = YES;
				CLANG_ENABLE_OBJC_WEAK = YES;
				CLANG_WARN_BLOCK_CAPTURE_AUTORELEASING = YES;
				CLANG_WARN_BOOL_CONVERSION = YES;
				CLANG_WARN_COMMA = YES;
				CLANG_WARN_CONSTANT_CONVERSION = YES;
				CLANG_WARN_DEPRECATED_OBJC_IMPLEMENTATIONS = YES;
				CLANG_WARN_DIRECT_OBJC_ISA_USAGE = YES_ERROR;
				CLANG_WARN_DOCUMENTATION_COMMENTS = YES;
				CLANG_WARN_EMPTY_BODY = YES;
				CLANG_WARN_ENUM_CONVERSION = YES;
				CLANG_WARN_INFINITE_RECURSION = YES;
				CLANG_WARN_INT_CONVERSION = YES;
				CLANG_WARN_NON_LITERAL_NULL_CONVERSION = YES;
				CLANG_WARN_OBJC_IMPLICIT_RETAIN_SELF = YES;
				CLANG_WARN_OBJC_LITERAL_CONVERSION = YES;
				CLANG_WARN_OBJC_ROOT_CLASS = YES_ERROR;
				CLANG_WARN_QUOTED_INCLUDE_IN_FRAMEWORK_HEADER = YES;
				CLANG_WARN_RANGE_LOOP_ANALYSIS = YES;
				CLANG_WARN_STRICT_PROTOTYPES = YES;
				CLANG_WARN_SUSPICIOUS_MOVE = YES;
				CLANG_WARN_UNGUARDED_AVAILABILITY = YES_AGGRESSIVE;
				CLANG_WARN_UNREACHABLE_CODE = YES;
				CLANG_WARN__DUPLICATE_METHOD_MATCH = YES;
				COPY_PHASE_STRIP = NO;
				DEBUG_INFORMATION_FORMAT = dwarf;
				ENABLE_STRICT_OBJC_MSGSEND = YES;
				ENABLE_TESTABILITY = YES;
				GCC_C_LANGUAGE_STANDARD = gnu11;
				GCC_DYNAMIC_NO_PIC = NO;
				GCC_NO_COMMON_BLOCKS = YES;
				GCC_OPTIMIZATION_LEVEL = 0;
				GCC_PREPROCESSOR_DEFINITIONS = (
					"DEBUG=1",
					"$(inherited)",
				);
				GCC_WARN_64_TO_32_BIT_CONVERSION = YES;
				GCC_WARN_ABOUT_RETURN_TYPE = YES_ERROR;
				GCC_WARN_UNDECLARED_SELECTOR = YES;
				GCC_WARN_UNINITIALIZED_AUTOS = YES_AGGRESSIVE;
				GCC_WARN_UNUSED_FUNCTION = YES;
				GCC_WARN_UNUSED_VARIABLE = YES;
				IPHONEOS_DEPLOYMENT_TARGET = 14.5;
				MTL_ENABLE_DEBUG_INFO = INCLUDE_SOURCE;
				MTL_FAST_MATH = YES;
				ONLY_ACTIVE_ARCH = YES;
				SDKROOT = iphoneos;
				SWIFT_ACTIVE_COMPILATION_CONDITIONS = DEBUG;
				SWIFT_OPTIMIZATION_LEVEL = "-Onone";
			};
			name = Debug;
		};
		2E52048426E6419400F283DE /* Release */ = {
			isa = XCBuildConfiguration;
			buildSettings = {
				ALWAYS_SEARCH_USER_PATHS = NO;
				CLANG_ANALYZER_NONNULL = YES;
				CLANG_ANALYZER_NUMBER_OBJECT_CONVERSION = YES_AGGRESSIVE;
				CLANG_CXX_LANGUAGE_STANDARD = "gnu++14";
				CLANG_CXX_LIBRARY = "libc++";
				CLANG_ENABLE_MODULES = YES;
				CLANG_ENABLE_OBJC_ARC = YES;
				CLANG_ENABLE_OBJC_WEAK = YES;
				CLANG_WARN_BLOCK_CAPTURE_AUTORELEASING = YES;
				CLANG_WARN_BOOL_CONVERSION = YES;
				CLANG_WARN_COMMA = YES;
				CLANG_WARN_CONSTANT_CONVERSION = YES;
				CLANG_WARN_DEPRECATED_OBJC_IMPLEMENTATIONS = YES;
				CLANG_WARN_DIRECT_OBJC_ISA_USAGE = YES_ERROR;
				CLANG_WARN_DOCUMENTATION_COMMENTS = YES;
				CLANG_WARN_EMPTY_BODY = YES;
				CLANG_WARN_ENUM_CONVERSION = YES;
				CLANG_WARN_INFINITE_RECURSION = YES;
				CLANG_WARN_INT_CONVERSION = YES;
				CLANG_WARN_NON_LITERAL_NULL_CONVERSION = YES;
				CLANG_WARN_OBJC_IMPLICIT_RETAIN_SELF = YES;
				CLANG_WARN_OBJC_LITERAL_CONVERSION = YES;
				CLANG_WARN_OBJC_ROOT_CLASS = YES_ERROR;
				CLANG_WARN_QUOTED_INCLUDE_IN_FRAMEWORK_HEADER = YES;
				CLANG_WARN_RANGE_LOOP_ANALYSIS = YES;
				CLANG_WARN_STRICT_PROTOTYPES = YES;
				CLANG_WARN_SUSPICIOUS_MOVE = YES;
				CLANG_WARN_UNGUARDED_AVAILABILITY = YES_AGGRESSIVE;
				CLANG_WARN_UNREACHABLE_CODE = YES;
				CLANG_WARN__DUPLICATE_METHOD_MATCH = YES;
				COPY_PHASE_STRIP = NO;
				DEBUG_INFORMATION_FORMAT = "dwarf-with-dsym";
				ENABLE_NS_ASSERTIONS = NO;
				ENABLE_STRICT_OBJC_MSGSEND = YES;
				GCC_C_LANGUAGE_STANDARD = gnu11;
				GCC_NO_COMMON_BLOCKS = YES;
				GCC_WARN_64_TO_32_BIT_CONVERSION = YES;
				GCC_WARN_ABOUT_RETURN_TYPE = YES_ERROR;
				GCC_WARN_UNDECLARED_SELECTOR = YES;
				GCC_WARN_UNINITIALIZED_AUTOS = YES_AGGRESSIVE;
				GCC_WARN_UNUSED_FUNCTION = YES;
				GCC_WARN_UNUSED_VARIABLE = YES;
				IPHONEOS_DEPLOYMENT_TARGET = 14.5;
				MTL_ENABLE_DEBUG_INFO = NO;
				MTL_FAST_MATH = YES;
				SDKROOT = iphoneos;
				SWIFT_COMPILATION_MODE = wholemodule;
				SWIFT_OPTIMIZATION_LEVEL = "-O";
				VALIDATE_PRODUCT = YES;
			};
			name = Release;
		};
		2E52048626E6419400F283DE /* Debug */ = {
			isa = XCBuildConfiguration;
			baseConfigurationReference = 9FF46A67E721A9238ED6C677 /* Pods-Listing.debug.xcconfig */;
			buildSettings = {
				ASSETCATALOG_COMPILER_APPICON_NAME = AppIcon;
				ASSETCATALOG_COMPILER_GLOBAL_ACCENT_COLOR_NAME = AccentColor;
				CODE_SIGN_STYLE = Automatic;
				INFOPLIST_FILE = Listing/Info.plist;
				IPHONEOS_DEPLOYMENT_TARGET = 13.0;
				LD_RUNPATH_SEARCH_PATHS = (
					"$(inherited)",
					"@executable_path/Frameworks",
				);
				PRODUCT_BUNDLE_IDENTIFIER = com.pakeeza.Listing;
				PRODUCT_NAME = "$(TARGET_NAME)";
				SWIFT_VERSION = 5.0;
				TARGETED_DEVICE_FAMILY = "1,2";
			};
			name = Debug;
		};
		2E52048726E6419400F283DE /* Release */ = {
			isa = XCBuildConfiguration;
			baseConfigurationReference = B88C8957A7085F66E8B7F846 /* Pods-Listing.release.xcconfig */;
			buildSettings = {
				ASSETCATALOG_COMPILER_APPICON_NAME = AppIcon;
				ASSETCATALOG_COMPILER_GLOBAL_ACCENT_COLOR_NAME = AccentColor;
				CODE_SIGN_STYLE = Automatic;
				INFOPLIST_FILE = Listing/Info.plist;
				IPHONEOS_DEPLOYMENT_TARGET = 13.0;
				LD_RUNPATH_SEARCH_PATHS = (
					"$(inherited)",
					"@executable_path/Frameworks",
				);
				PRODUCT_BUNDLE_IDENTIFIER = com.pakeeza.Listing;
				PRODUCT_NAME = "$(TARGET_NAME)";
				SWIFT_VERSION = 5.0;
				TARGETED_DEVICE_FAMILY = "1,2";
			};
			name = Release;
		};
		2E52052226F11E8400F283DE /* Debug */ = {
			isa = XCBuildConfiguration;
			baseConfigurationReference = B3703D4E356B3D3E50FDDC3D /* Pods-Listing Tests.debug.xcconfig */;
			buildSettings = {
				BUNDLE_LOADER = "$(TEST_HOST)";
				CODE_SIGN_STYLE = Automatic;
				INFOPLIST_FILE = "Listing Tests/Info.plist";
				LD_RUNPATH_SEARCH_PATHS = (
					"$(inherited)",
					"@executable_path/Frameworks",
					"@loader_path/Frameworks",
				);
				PRODUCT_BUNDLE_IDENTIFIER = "com.pakeeza.Listing-Tests";
				PRODUCT_NAME = "$(TARGET_NAME)";
				SWIFT_VERSION = 5.0;
				TARGETED_DEVICE_FAMILY = "1,2";
				TEST_HOST = "$(BUILT_PRODUCTS_DIR)/Listing.app/Listing";
			};
			name = Debug;
		};
		2E52052326F11E8400F283DE /* Release */ = {
			isa = XCBuildConfiguration;
			baseConfigurationReference = 3A11648D8350887EF3DBD31B /* Pods-Listing Tests.release.xcconfig */;
			buildSettings = {
				BUNDLE_LOADER = "$(TEST_HOST)";
				CODE_SIGN_STYLE = Automatic;
				INFOPLIST_FILE = "Listing Tests/Info.plist";
				LD_RUNPATH_SEARCH_PATHS = (
					"$(inherited)",
					"@executable_path/Frameworks",
					"@loader_path/Frameworks",
				);
				PRODUCT_BUNDLE_IDENTIFIER = "com.pakeeza.Listing-Tests";
				PRODUCT_NAME = "$(TARGET_NAME)";
				SWIFT_VERSION = 5.0;
				TARGETED_DEVICE_FAMILY = "1,2";
				TEST_HOST = "$(BUILT_PRODUCTS_DIR)/Listing.app/Listing";
			};
			name = Release;
		};
/* End XCBuildConfiguration section */

/* Begin XCConfigurationList section */
		2E52046C26E6419300F283DE /* Build configuration list for PBXProject "Listing" */ = {
			isa = XCConfigurationList;
			buildConfigurations = (
				2E52048326E6419400F283DE /* Debug */,
				2E52048426E6419400F283DE /* Release */,
			);
			defaultConfigurationIsVisible = 0;
			defaultConfigurationName = Release;
		};
		2E52048526E6419400F283DE /* Build configuration list for PBXNativeTarget "Listing" */ = {
			isa = XCConfigurationList;
			buildConfigurations = (
				2E52048626E6419400F283DE /* Debug */,
				2E52048726E6419400F283DE /* Release */,
			);
			defaultConfigurationIsVisible = 0;
			defaultConfigurationName = Release;
		};
		2E52052426F11E8400F283DE /* Build configuration list for PBXNativeTarget "Listing Tests" */ = {
			isa = XCConfigurationList;
			buildConfigurations = (
				2E52052226F11E8400F283DE /* Debug */,
				2E52052326F11E8400F283DE /* Release */,
			);
			defaultConfigurationIsVisible = 0;
			defaultConfigurationName = Release;
		};
/* End XCConfigurationList section */

/* Begin XCVersionGroup section */
		2E52050226EB686900F283DE /* Listing.xcdatamodeld */ = {
			isa = XCVersionGroup;
			children = (
				2E52050326EB686900F283DE /* Listing.xcdatamodel */,
			);
			currentVersion = 2E52050326EB686900F283DE /* Listing.xcdatamodel */;
			path = Listing.xcdatamodeld;
			sourceTree = "<group>";
			versionGroupType = wrapper.xcdatamodel;
		};
/* End XCVersionGroup section */
	};
	rootObject = 2E52046926E6419300F283DE /* Project object */;
}
